
Microsoft Visual Studio Solution File, Format Version 12.00
# Visual Studio Version 17
VisualStudioVersion = 17.2.32616.157
MinimumVisualStudioVersion = 10.0.40219.1
Project("{FAE04EC0-301F-11D3-BF4B-00C04F79EFBC}") = "HokoFood", "HokoFood\HokoFood.csproj", "{9F809CEA-C8D0-4C57-92B2-3131A53011F1}"
EndProject
Global
	GlobalSection(SolutionConfigurationPlatforms) = preSolution
		Debug|Any CPU = Debug|Any CPU
		Release|Any CPU = Release|Any CPU
	EndGlobalSection
	GlobalSection(ProjectConfigurationPlatforms) = postSolution
		{9F809CEA-C8D0-4C57-92B2-3131A53011F1}.Debug|Any CPU.ActiveCfg = Debug|Any CPU
		{9F809CEA-C8D0-4C57-92B2-3131A53011F1}.Debug|Any CPU.Build.0 = Debug|Any CPU
		{9F809CEA-C8D0-4C57-92B2-3131A53011F1}.Release|Any CPU.ActiveCfg = Release|Any CPU
		{9F809CEA-C8D0-4C57-92B2-3131A53011F1}.Release|Any CPU.Build.0 = Release|Any CPU
	EndGlobalSection
	GlobalSection(SolutionProperties) = preSolution
		HideSolutionNode = FALSE
	EndGlobalSection
	GlobalSection(ExtensibilityGlobals) = postSolution
		SolutionGuid = {ABD0DD58-05F7-408C-A379-6A06DCAF9319}
	EndGlobalSection
EndGlobal
